{
  "name": "js13k-boatgame",
  "version": "0.01",
  "lockfileVersion": 1,
  "requires": true,
  "dependencies": {
    "std": {
      "version": "0.1.40",
      "resolved": "https://registry.npmjs.org/std/-/std-0.1.40.tgz",
      "integrity": "sha1-Nnil9lCU2eG2teJu2/wCErg0K3E="
    },
    "ui": {
      "version": "0.2.4",
      "resolved": "https://registry.npmjs.org/ui/-/ui-0.2.4.tgz",
      "integrity": "sha1-ObfICGsrG2SnLGQ3w43cfE5Og20=",
      "requires": {
        "std": "0.1.x"
      }
    }
  }
}
